
Microsoft Visual Studio Solution File, Format Version 12.00
# Visual Studio Version 16
VisualStudioVersion = 16.0.30225.117
MinimumVisualStudioVersion = 10.0.40219.1
Project("{9A19103F-16F7-4668-BE54-9A1E7A4F7556}") = "RapidApi", "RapidApi\RapidApi.csproj", "{73DF5F1F-A4F4-4634-85E8-7A1B558516C2}"
EndProject
Global
	GlobalSection(SolutionConfigurationPlatforms) = preSolution
		Debug|Any CPU = Debug|Any CPU
		Release|Any CPU = Release|Any CPU
	EndGlobalSection
	GlobalSection(ProjectConfigurationPlatforms) = postSolution
		{73DF5F1F-A4F4-4634-85E8-7A1B558516C2}.Debug|Any CPU.ActiveCfg = Debug|Any CPU
		{73DF5F1F-A4F4-4634-85E8-7A1B558516C2}.Debug|Any CPU.Build.0 = Debug|Any CPU
		{73DF5F1F-A4F4-4634-85E8-7A1B558516C2}.Release|Any CPU.ActiveCfg = Release|Any CPU
		{73DF5F1F-A4F4-4634-85E8-7A1B558516C2}.Release|Any CPU.Build.0 = Release|Any CPU
	EndGlobalSection
	GlobalSection(SolutionProperties) = preSolution
		HideSolutionNode = FALSE
	EndGlobalSection
	GlobalSection(ExtensibilityGlobals) = postSolution
		SolutionGuid = {E99E4477-424C-4B86-A6BF-B9A1C09D68D5}
	EndGlobalSection
EndGlobal
